
Microsoft Visual Studio Solution File, Format Version 12.00
# Visual Studio Version 16
VisualStudioVersion = 16.0.28407.52
MinimumVisualStudioVersion = 10.0.40219.1
Project("{2150E333-8FDC-42A3-9474-1A3956D46DE8}") = "src", "src", "{2890AAAA-FE6E-448E-BF3C-4D9438B7EB8D}"
EndProject
Project("{9A19103F-16F7-4668-BE54-9A1E7A4F7556}") = "DioLive.Cache.WebUI", "src\DioLive.Cache.WebUI\DioLive.Cache.WebUI.csproj", "{6F1A8B7D-3677-41E7-B90B-359CFB4E3F8B}"
EndProject
Project("{9A19103F-16F7-4668-BE54-9A1E7A4F7556}") = "DioLive.Cache.KernelApi", "src\DioLive.Cache.KernelApi\DioLive.Cache.KernelApi.csproj", "{18DDCA6F-D50D-47B2-84C3-5DAC77E30022}"
EndProject
Project("{9A19103F-16F7-4668-BE54-9A1E7A4F7556}") = "DioLive.Cache.Storage.Legacy", "src\DioLive.Cache.Storage.Legacy\DioLive.Cache.Storage.Legacy.csproj", "{651A572D-1ECC-41A0-80C2-274FCDE85BF4}"
EndProject
Project("{9A19103F-16F7-4668-BE54-9A1E7A4F7556}") = "DioLive.Cache.Storage", "src\DioLive.Cache.Storage\DioLive.Cache.Storage.csproj", "{EDC90FB8-8542-46E6-A1B7-8EEBEFDF049E}"
EndProject
Project("{9A19103F-16F7-4668-BE54-9A1E7A4F7556}") = "DioLive.Cache.Storage.SqlServer", "src\DioLive.Cache.Storage.SqlServer\DioLive.Cache.Storage.SqlServer.csproj", "{4E61B8A5-53A0-49E1-97AA-DFA828A62235}"
EndProject
Project("{9A19103F-16F7-4668-BE54-9A1E7A4F7556}") = "DioLive.Cache.KernelStorage", "src\DioLive.Cache.KernelStorage\DioLive.Cache.KernelStorage.csproj", "{E5581BC8-83E0-4F6C-BFEF-F111EA39A82A}"
EndProject
Project("{9A19103F-16F7-4668-BE54-9A1E7A4F7556}") = "DioLive.Cache.CoreLogic", "src\DioLive.Cache.CoreLogic\DioLive.Cache.CoreLogic.csproj", "{BAE60784-080A-4798-BEB1-C5F7783D078B}"
EndProject
Project("{9A19103F-16F7-4668-BE54-9A1E7A4F7556}") = "DioLive.Cache.Common", "src\DioLive.Cache.Common\DioLive.Cache.Common.csproj", "{767732C4-8CBA-4193-B850-B8698FAD420A}"
EndProject
Project("{9A19103F-16F7-4668-BE54-9A1E7A4F7556}") = "DioLive.Cache.Auth", "src\DioLive.Cache.Auth\DioLive.Cache.Auth.csproj", "{BEF715AF-50F6-4F92-A948-9231CEF3EBB4}"
EndProject
Project("{9A19103F-16F7-4668-BE54-9A1E7A4F7556}") = "DioLive.Cache.Auth.Legacy", "src\DioLive.Cache.Auth.Legacy\DioLive.Cache.Auth.Legacy.csproj", "{D61DE598-2EE4-42D7-B568-5C31FCB0000C}"
EndProject
Project("{9A19103F-16F7-4668-BE54-9A1E7A4F7556}") = "DioLive.Cache.Binder", "src\DioLive.Cache.Binder\DioLive.Cache.Binder.csproj", "{B78560C0-A697-48B3-8CA9-10FFA9A07527}"
EndProject
Project("{00D1A9C2-B5F0-4AF3-8072-F6C62B433612}") = "DioLive.Cache.Db.Data", "db\DioLive.Cache.Db.Data\DioLive.Cache.Db.Data.sqlproj", "{C019A9ED-CC70-4F08-8F61-FC3C8838E6B9}"
EndProject
Project("{2150E333-8FDC-42A3-9474-1A3956D46DE8}") = "db", "db", "{A0FD0099-0AF3-491E-825E-401CCE71DA68}"
EndProject
Global
	GlobalSection(SolutionConfigurationPlatforms) = preSolution
		Debug|Any CPU = Debug|Any CPU
		Release|Any CPU = Release|Any CPU
	EndGlobalSection
	GlobalSection(ProjectConfigurationPlatforms) = postSolution
		{6F1A8B7D-3677-41E7-B90B-359CFB4E3F8B}.Debug|Any CPU.ActiveCfg = Debug|Any CPU
		{6F1A8B7D-3677-41E7-B90B-359CFB4E3F8B}.Debug|Any CPU.Build.0 = Debug|Any CPU
		{6F1A8B7D-3677-41E7-B90B-359CFB4E3F8B}.Release|Any CPU.ActiveCfg = Release|Any CPU
		{6F1A8B7D-3677-41E7-B90B-359CFB4E3F8B}.Release|Any CPU.Build.0 = Release|Any CPU
		{18DDCA6F-D50D-47B2-84C3-5DAC77E30022}.Debug|Any CPU.ActiveCfg = Debug|Any CPU
		{18DDCA6F-D50D-47B2-84C3-5DAC77E30022}.Debug|Any CPU.Build.0 = Debug|Any CPU
		{18DDCA6F-D50D-47B2-84C3-5DAC77E30022}.Release|Any CPU.ActiveCfg = Release|Any CPU
		{18DDCA6F-D50D-47B2-84C3-5DAC77E30022}.Release|Any CPU.Build.0 = Release|Any CPU
		{651A572D-1ECC-41A0-80C2-274FCDE85BF4}.Debug|Any CPU.ActiveCfg = Debug|Any CPU
		{651A572D-1ECC-41A0-80C2-274FCDE85BF4}.Debug|Any CPU.Build.0 = Debug|Any CPU
		{651A572D-1ECC-41A0-80C2-274FCDE85BF4}.Release|Any CPU.ActiveCfg = Release|Any CPU
		{651A572D-1ECC-41A0-80C2-274FCDE85BF4}.Release|Any CPU.Build.0 = Release|Any CPU
		{EDC90FB8-8542-46E6-A1B7-8EEBEFDF049E}.Debug|Any CPU.ActiveCfg = Debug|Any CPU
		{EDC90FB8-8542-46E6-A1B7-8EEBEFDF049E}.Debug|Any CPU.Build.0 = Debug|Any CPU
		{EDC90FB8-8542-46E6-A1B7-8EEBEFDF049E}.Release|Any CPU.ActiveCfg = Release|Any CPU
		{EDC90FB8-8542-46E6-A1B7-8EEBEFDF049E}.Release|Any CPU.Build.0 = Release|Any CPU
		{4E61B8A5-53A0-49E1-97AA-DFA828A62235}.Debug|Any CPU.ActiveCfg = Debug|Any CPU
		{4E61B8A5-53A0-49E1-97AA-DFA828A62235}.Debug|Any CPU.Build.0 = Debug|Any CPU
		{4E61B8A5-53A0-49E1-97AA-DFA828A62235}.Release|Any CPU.ActiveCfg = Release|Any CPU
		{4E61B8A5-53A0-49E1-97AA-DFA828A62235}.Release|Any CPU.Build.0 = Release|Any CPU
		{E5581BC8-83E0-4F6C-BFEF-F111EA39A82A}.Debug|Any CPU.ActiveCfg = Debug|Any CPU
		{E5581BC8-83E0-4F6C-BFEF-F111EA39A82A}.Debug|Any CPU.Build.0 = Debug|Any CPU
		{E5581BC8-83E0-4F6C-BFEF-F111EA39A82A}.Release|Any CPU.ActiveCfg = Release|Any CPU
		{E5581BC8-83E0-4F6C-BFEF-F111EA39A82A}.Release|Any CPU.Build.0 = Release|Any CPU
		{BAE60784-080A-4798-BEB1-C5F7783D078B}.Debug|Any CPU.ActiveCfg = Debug|Any CPU
		{BAE60784-080A-4798-BEB1-C5F7783D078B}.Debug|Any CPU.Build.0 = Debug|Any CPU
		{BAE60784-080A-4798-BEB1-C5F7783D078B}.Release|Any CPU.ActiveCfg = Release|Any CPU
		{BAE60784-080A-4798-BEB1-C5F7783D078B}.Release|Any CPU.Build.0 = Release|Any CPU
		{767732C4-8CBA-4193-B850-B8698FAD420A}.Debug|Any CPU.ActiveCfg = Debug|Any CPU
		{767732C4-8CBA-4193-B850-B8698FAD420A}.Debug|Any CPU.Build.0 = Debug|Any CPU
		{767732C4-8CBA-4193-B850-B8698FAD420A}.Release|Any CPU.ActiveCfg = Release|Any CPU
		{767732C4-8CBA-4193-B850-B8698FAD420A}.Release|Any CPU.Build.0 = Release|Any CPU
		{BEF715AF-50F6-4F92-A948-9231CEF3EBB4}.Debug|Any CPU.ActiveCfg = Debug|Any CPU
		{BEF715AF-50F6-4F92-A948-9231CEF3EBB4}.Debug|Any CPU.Build.0 = Debug|Any CPU
		{BEF715AF-50F6-4F92-A948-9231CEF3EBB4}.Release|Any CPU.ActiveCfg = Release|Any CPU
		{BEF715AF-50F6-4F92-A948-9231CEF3EBB4}.Release|Any CPU.Build.0 = Release|Any CPU
		{D61DE598-2EE4-42D7-B568-5C31FCB0000C}.Debug|Any CPU.ActiveCfg = Debug|Any CPU
		{D61DE598-2EE4-42D7-B568-5C31FCB0000C}.Debug|Any CPU.Build.0 = Debug|Any CPU
		{D61DE598-2EE4-42D7-B568-5C31FCB0000C}.Release|Any CPU.ActiveCfg = Release|Any CPU
		{D61DE598-2EE4-42D7-B568-5C31FCB0000C}.Release|Any CPU.Build.0 = Release|Any CPU
		{B78560C0-A697-48B3-8CA9-10FFA9A07527}.Debug|Any CPU.ActiveCfg = Debug|Any CPU
		{B78560C0-A697-48B3-8CA9-10FFA9A07527}.Debug|Any CPU.Build.0 = Debug|Any CPU
		{B78560C0-A697-48B3-8CA9-10FFA9A07527}.Release|Any CPU.ActiveCfg = Release|Any CPU
		{B78560C0-A697-48B3-8CA9-10FFA9A07527}.Release|Any CPU.Build.0 = Release|Any CPU
		{C019A9ED-CC70-4F08-8F61-FC3C8838E6B9}.Debug|Any CPU.ActiveCfg = Debug|Any CPU
		{C019A9ED-CC70-4F08-8F61-FC3C8838E6B9}.Debug|Any CPU.Build.0 = Debug|Any CPU
		{C019A9ED-CC70-4F08-8F61-FC3C8838E6B9}.Debug|Any CPU.Deploy.0 = Debug|Any CPU
		{C019A9ED-CC70-4F08-8F61-FC3C8838E6B9}.Release|Any CPU.ActiveCfg = Release|Any CPU
		{C019A9ED-CC70-4F08-8F61-FC3C8838E6B9}.Release|Any CPU.Build.0 = Release|Any CPU
		{C019A9ED-CC70-4F08-8F61-FC3C8838E6B9}.Release|Any CPU.Deploy.0 = Release|Any CPU
	EndGlobalSection
	GlobalSection(SolutionProperties) = preSolution
		HideSolutionNode = FALSE
	EndGlobalSection
	GlobalSection(NestedProjects) = preSolution
		{6F1A8B7D-3677-41E7-B90B-359CFB4E3F8B} = {2890AAAA-FE6E-448E-BF3C-4D9438B7EB8D}
		{EDC90FB8-8542-46E6-A1B7-8EEBEFDF049E} = {2890AAAA-FE6E-448E-BF3C-4D9438B7EB8D}
		{4E61B8A5-53A0-49E1-97AA-DFA828A62235} = {2890AAAA-FE6E-448E-BF3C-4D9438B7EB8D}
		{BAE60784-080A-4798-BEB1-C5F7783D078B} = {2890AAAA-FE6E-448E-BF3C-4D9438B7EB8D}
		{767732C4-8CBA-4193-B850-B8698FAD420A} = {2890AAAA-FE6E-448E-BF3C-4D9438B7EB8D}
		{BEF715AF-50F6-4F92-A948-9231CEF3EBB4} = {2890AAAA-FE6E-448E-BF3C-4D9438B7EB8D}
		{D61DE598-2EE4-42D7-B568-5C31FCB0000C} = {2890AAAA-FE6E-448E-BF3C-4D9438B7EB8D}
		{B78560C0-A697-48B3-8CA9-10FFA9A07527} = {2890AAAA-FE6E-448E-BF3C-4D9438B7EB8D}
		{C019A9ED-CC70-4F08-8F61-FC3C8838E6B9} = {A0FD0099-0AF3-491E-825E-401CCE71DA68}
	EndGlobalSection
	GlobalSection(ExtensibilityGlobals) = postSolution
		SolutionGuid = {5085F4CB-9CAF-4CA0-B40D-7BB24D0E009E}
	EndGlobalSection
EndGlobal
